// !$*UTF8*$!
{
	archiveVersion = 1;
	classes = {
	};
	objectVersion = 46;
	objects = {

/* Begin PBXBuildFile section */
		801A9C6E7CD753977E454E9F /* libPods-Animals.a in Frameworks */ = {isa = PBXBuildFile; fileRef = 0DD72641DD0C435271871243 /* libPods-Animals.a */; };
		CD2FA9CA1ABFD53C008E575F /* TabBarController.m in Sources */ = {isa = PBXBuildFile; fileRef = CD2FA9C91ABFD53C008E575F /* TabBarController.m */; };
		CD341F031ABFC27900665172 /* flash-auto.png in Resources */ = {isa = PBXBuildFile; fileRef = CD341EEC1ABFC27900665172 /* flash-auto.png */; };
		CD341F041ABFC27900665172 /* flash-auto@2x.png in Resources */ = {isa = PBXBuildFile; fileRef = CD341EED1ABFC27900665172 /* flash-auto@2x.png */; };
		CD341F051ABFC27900665172 /* flash-off.png in Resources */ = {isa = PBXBuildFile; fileRef = CD341EEE1ABFC27900665172 /* flash-off.png */; };
		CD341F061ABFC27900665172 /* flash-off@2x.png in Resources */ = {isa = PBXBuildFile; fileRef = CD341EEF1ABFC27900665172 /* flash-off@2x.png */; };
		CD341F071ABFC27900665172 /* flash.png in Resources */ = {isa = PBXBuildFile; fileRef = CD341EF01ABFC27900665172 /* flash.png */; };
		CD341F081ABFC27900665172 /* flash@2x.png in Resources */ = {isa = PBXBuildFile; fileRef = CD341EF11ABFC27900665172 /* flash@2x.png */; };
		CD341F091ABFC27900665172 /* focus-crosshair.png in Resources */ = {isa = PBXBuildFile; fileRef = CD341EF21ABFC27900665172 /* focus-crosshair.png */; };
		CD341F0A1ABFC27900665172 /* focus-crosshair@2x.png in Resources */ = {isa = PBXBuildFile; fileRef = CD341EF31ABFC27900665172 /* focus-crosshair@2x.png */; };
		CD341F0B1ABFC27900665172 /* front-camera.png in Resources */ = {isa = PBXBuildFile; fileRef = CD341EF41ABFC27900665172 /* front-camera.png */; };
		CD341F0C1ABFC27900665172 /* front-camera@2x.png in Resources */ = {isa = PBXBuildFile; fileRef = CD341EF51ABFC27900665172 /* front-camera@2x.png */; };
		CD341F0D1ABFC27900665172 /* grid-icon.png in Resources */ = {isa = PBXBuildFile; fileRef = CD341EF61ABFC27900665172 /* grid-icon.png */; };
		CD341F0E1ABFC27900665172 /* grid-icon@2x.png in Resources */ = {isa = PBXBuildFile; fileRef = CD341EF71ABFC27900665172 /* grid-icon@2x.png */; };
		CD341F0F1ABFC27900665172 /* grid.png in Resources */ = {isa = PBXBuildFile; fileRef = CD341EF81ABFC27900665172 /* grid.png */; };
		CD341F101ABFC27900665172 /* grid@2x.png in Resources */ = {isa = PBXBuildFile; fileRef = CD341EF91ABFC27900665172 /* grid@2x.png */; };
		CD341F111ABFC27900665172 /* library.png in Resources */ = {isa = PBXBuildFile; fileRef = CD341EFA1ABFC27900665172 /* library.png */; };
		CD341F121ABFC27900665172 /* library@2x.png in Resources */ = {isa = PBXBuildFile; fileRef = CD341EFB1ABFC27900665172 /* library@2x.png */; };
		CD341F131ABFC27900665172 /* micro_carbon.png in Resources */ = {isa = PBXBuildFile; fileRef = CD341EFC1ABFC27900665172 /* micro_carbon.png */; };
		CD341F141ABFC27900665172 /* micro_carbon@2x.png in Resources */ = {isa = PBXBuildFile; fileRef = CD341EFD1ABFC27900665172 /* micro_carbon@2x.png */; };
		CD341F151ABFC27900665172 /* take-snap.png in Resources */ = {isa = PBXBuildFile; fileRef = CD341EFE1ABFC27900665172 /* take-snap.png */; };
		CD341F161ABFC27900665172 /* take-snap@2x.png in Resources */ = {isa = PBXBuildFile; fileRef = CD341EFF1ABFC27900665172 /* take-snap@2x.png */; };
		CD341F171ABFC27900665172 /* YCameraViewController.m in Sources */ = {isa = PBXBuildFile; fileRef = CD341F011ABFC27900665172 /* YCameraViewController.m */; };
		CD341F181ABFC27900665172 /* YCameraViewController.xib in Resources */ = {isa = PBXBuildFile; fileRef = CD341F021ABFC27900665172 /* YCameraViewController.xib */; };
		CD46E6C41ACF105F002065B2 /* FacebookSDK.framework in Frameworks */ = {isa = PBXBuildFile; fileRef = CD46E6C31ACF105F002065B2 /* FacebookSDK.framework */; };
		CD46E6C71ACF11F4002065B2 /* LoginViewController.m in Sources */ = {isa = PBXBuildFile; fileRef = CD46E6C61ACF11F4002065B2 /* LoginViewController.m */; };
		CD46E6CA1ACF165F002065B2 /* UserViewController.m in Sources */ = {isa = PBXBuildFile; fileRef = CD46E6C91ACF165F002065B2 /* UserViewController.m */; };
		CD5324191AC21514003F133A /* dog02.jpeg in Resources */ = {isa = PBXBuildFile; fileRef = CD53240F1AC21514003F133A /* dog02.jpeg */; };
		CD53241A1AC21514003F133A /* dog04.jpg in Resources */ = {isa = PBXBuildFile; fileRef = CD5324101AC21514003F133A /* dog04.jpg */; };
		CD53241B1AC21514003F133A /* dropdown.png in Resources */ = {isa = PBXBuildFile; fileRef = CD5324111AC21514003F133A /* dropdown.png */; };
		CD53241C1AC21514003F133A /* dropdown1.png in Resources */ = {isa = PBXBuildFile; fileRef = CD5324121AC21514003F133A /* dropdown1.png */; };
		CD53241D1AC21514003F133A /* icon_circle.png in Resources */ = {isa = PBXBuildFile; fileRef = CD5324131AC21514003F133A /* icon_circle.png */; };
		CD53241E1AC21514003F133A /* icon.png in Resources */ = {isa = PBXBuildFile; fileRef = CD5324141AC21514003F133A /* icon.png */; };
		CD53241F1AC21514003F133A /* like.png in Resources */ = {isa = PBXBuildFile; fileRef = CD5324151AC21514003F133A /* like.png */; };
		CD5324201AC21514003F133A /* lock.png in Resources */ = {isa = PBXBuildFile; fileRef = CD5324161AC21514003F133A /* lock.png */; };
		CD5324211AC21514003F133A /* more.png in Resources */ = {isa = PBXBuildFile; fileRef = CD5324171AC21514003F133A /* more.png */; };
		CD5324221AC21514003F133A /* wallpaper.jpg in Resources */ = {isa = PBXBuildFile; fileRef = CD5324181AC21514003F133A /* wallpaper.jpg */; };
		CD5324261AC21585003F133A /* Initialization.m in Sources */ = {isa = PBXBuildFile; fileRef = CD5324251AC21585003F133A /* Initialization.m */; };
		CD53242D1AC215CD003F133A /* PopCategory.m in Sources */ = {isa = PBXBuildFile; fileRef = CD5324281AC215CD003F133A /* PopCategory.m */; };
		CD53242E1AC215CD003F133A /* PopCategory.xib in Resources */ = {isa = PBXBuildFile; fileRef = CD5324291AC215CD003F133A /* PopCategory.xib */; };
		CD53242F1AC215CD003F133A /* PopCategoryWide.m in Sources */ = {isa = PBXBuildFile; fileRef = CD53242B1AC215CD003F133A /* PopCategoryWide.m */; };
		CD5324301AC215CD003F133A /* PopCategoryWide.xib in Resources */ = {isa = PBXBuildFile; fileRef = CD53242C1AC215CD003F133A /* PopCategoryWide.xib */; };
		CD5324351AC21662003F133A /* AppDelegate.m in Sources */ = {isa = PBXBuildFile; fileRef = CD5324321AC21662003F133A /* AppDelegate.m */; };
		CD5324371AC21662003F133A /* main.m in Sources */ = {isa = PBXBuildFile; fileRef = CD5324341AC21662003F133A /* main.m */; };
		CD53243E1AC216C3003F133A /* LockedTableViewCell.m in Sources */ = {isa = PBXBuildFile; fileRef = CD5324391AC216C3003F133A /* LockedTableViewCell.m */; };
		CD53243F1AC216C3003F133A /* LockedTableViewCell.xib in Resources */ = {isa = PBXBuildFile; fileRef = CD53243A1AC216C3003F133A /* LockedTableViewCell.xib */; };
		CD5324401AC216C3003F133A /* UnlockedTableViewCell.m in Sources */ = {isa = PBXBuildFile; fileRef = CD53243C1AC216C3003F133A /* UnlockedTableViewCell.m */; };
		CD5324411AC216C3003F133A /* UnlockedTableViewCell.xib in Resources */ = {isa = PBXBuildFile; fileRef = CD53243D1AC216C3003F133A /* UnlockedTableViewCell.xib */; };
		CD5324441AC2172C003F133A /* VBResponsiveTextFieldViewController.m in Sources */ = {isa = PBXBuildFile; fileRef = CD5324431AC2172C003F133A /* VBResponsiveTextFieldViewController.m */; };
		CD5324461AC219A1003F133A /* comment.png in Resources */ = {isa = PBXBuildFile; fileRef = CD5324451AC219A1003F133A /* comment.png */; };
		CD5324481AC26E39003F133A /* CoreData.framework in Frameworks */ = {isa = PBXBuildFile; fileRef = CD5324471AC26E39003F133A /* CoreData.framework */; };
		CD64E15D1ABDDB9100CB5973 /* CameraSelectionViewController.m in Sources */ = {isa = PBXBuildFile; fileRef = CD64E15C1ABDDB9100CB5973 /* CameraSelectionViewController.m */; };
		CD64E1601ABDE23D00CB5973 /* SearchTVController.m in Sources */ = {isa = PBXBuildFile; fileRef = CD64E15F1ABDE23D00CB5973 /* SearchTVController.m */; };
		CD64E1651ABDEE0900CB5973 /* PostViewController.m in Sources */ = {isa = PBXBuildFile; fileRef = CD64E1641ABDEE0900CB5973 /* PostViewController.m */; };
		CD64E1671ABDFF2C00CB5973 /* MobileCoreServices.framework in Frameworks */ = {isa = PBXBuildFile; fileRef = CD64E1661ABDFF2C00CB5973 /* MobileCoreServices.framework */; };
		CD64E1B91ABF0F0900CB5973 /* DetailViewController.m in Sources */ = {isa = PBXBuildFile; fileRef = CD64E1B81ABF0F0900CB5973 /* DetailViewController.m */; };
		CD65DF101ABCBB2800AC3637 /* Main.storyboard in Resources */ = {isa = PBXBuildFile; fileRef = CD65DF0E1ABCBB2800AC3637 /* Main.storyboard */; };
		CD65DF121ABCBB2800AC3637 /* Images.xcassets in Resources */ = {isa = PBXBuildFile; fileRef = CD65DF111ABCBB2800AC3637 /* Images.xcassets */; };
		CD65DF151ABCBB2800AC3637 /* LaunchScreen.xib in Resources */ = {isa = PBXBuildFile; fileRef = CD65DF131ABCBB2800AC3637 /* LaunchScreen.xib */; };
		CD65DF211ABCBB2800AC3637 /* AnimalsTests.m in Sources */ = {isa = PBXBuildFile; fileRef = CD65DF201ABCBB2800AC3637 /* AnimalsTests.m */; };
		CD65DF2C1ABCBFEA00AC3637 /* BrowseViewController.m in Sources */ = {isa = PBXBuildFile; fileRef = CD65DF2B1ABCBFEA00AC3637 /* BrowseViewController.m */; };
		CDAD99D31ACF2B8C00B9E834 /* CameraViewController.m in Sources */ = {isa = PBXBuildFile; fileRef = CDAD99D21ACF2B8C00B9E834 /* CameraViewController.m */; };
		CDAD99D61ACF2D8E00B9E834 /* eyeplaceholder.png in Resources */ = {isa = PBXBuildFile; fileRef = CDAD99D41ACF2D8E00B9E834 /* eyeplaceholder.png */; };
		CDAD99D91ACF65AE00B9E834 /* muzzleplaceholder.png in Resources */ = {isa = PBXBuildFile; fileRef = CDAD99D81ACF65AE00B9E834 /* muzzleplaceholder.png */; };
		CDAD99DC1ACFC7DA00B9E834 /* SquareView.m in Sources */ = {isa = PBXBuildFile; fileRef = CDAD99DB1ACFC7DA00B9E834 /* SquareView.m */; };
/* End PBXBuildFile section */

/* Begin PBXContainerItemProxy section */
		CD65DF1B1ABCBB2800AC3637 /* PBXContainerItemProxy */ = {
			isa = PBXContainerItemProxy;
			containerPortal = CD65DEF91ABCBB2800AC3637 /* Project object */;
			proxyType = 1;
			remoteGlobalIDString = CD65DF001ABCBB2800AC3637;
			remoteInfo = Animals;
		};
/* End PBXContainerItemProxy section */

/* Begin PBXFileReference section */
		0DD72641DD0C435271871243 /* libPods-Animals.a */ = {isa = PBXFileReference; explicitFileType = archive.ar; includeInIndex = 0; path = "libPods-Animals.a"; sourceTree = BUILT_PRODUCTS_DIR; };
		489E744DC377675E13A015E9 /* Pods-Animals.release.xcconfig */ = {isa = PBXFileReference; includeInIndex = 1; lastKnownFileType = text.xcconfig; name = "Pods-Animals.release.xcconfig"; path = "Pods/Target Support Files/Pods-Animals/Pods-Animals.release.xcconfig"; sourceTree = "<group>"; };
		6E465EA164F267BE82BE3A05 /* Pods-Animals.debug.xcconfig */ = {isa = PBXFileReference; includeInIndex = 1; lastKnownFileType = text.xcconfig; name = "Pods-Animals.debug.xcconfig"; path = "Pods/Target Support Files/Pods-Animals/Pods-Animals.debug.xcconfig"; sourceTree = "<group>"; };
		CD2FA9C81ABFD53C008E575F /* TabBarController.h */ = {isa = PBXFileReference; fileEncoding = 4; lastKnownFileType = sourcecode.c.h; path = TabBarController.h; sourceTree = "<group>"; };
		CD2FA9C91ABFD53C008E575F /* TabBarController.m */ = {isa = PBXFileReference; fileEncoding = 4; lastKnownFileType = sourcecode.c.objc; path = TabBarController.m; sourceTree = "<group>"; };
		CD341EEC1ABFC27900665172 /* flash-auto.png */ = {isa = PBXFileReference; lastKnownFileType = image.png; path = "flash-auto.png"; sourceTree = "<group>"; };
		CD341EED1ABFC27900665172 /* flash-auto@2x.png */ = {isa = PBXFileReference; lastKnownFileType = image.png; path = "flash-auto@2x.png"; sourceTree = "<group>"; };
		CD341EEE1ABFC27900665172 /* flash-off.png */ = {isa = PBXFileReference; lastKnownFileType = image.png; path = "flash-off.png"; sourceTree = "<group>"; };
		CD341EEF1ABFC27900665172 /* flash-off@2x.png */ = {isa = PBXFileReference; lastKnownFileType = image.png; path = "flash-off@2x.png"; sourceTree = "<group>"; };
		CD341EF01ABFC27900665172 /* flash.png */ = {isa = PBXFileReference; lastKnownFileType = image.png; path = flash.png; sourceTree = "<group>"; };
		CD341EF11ABFC27900665172 /* flash@2x.png */ = {isa = PBXFileReference; lastKnownFileType = image.png; path = "flash@2x.png"; sourceTree = "<group>"; };
		CD341EF21ABFC27900665172 /* focus-crosshair.png */ = {isa = PBXFileReference; lastKnownFileType = image.png; path = "focus-crosshair.png"; sourceTree = "<group>"; };
		CD341EF31ABFC27900665172 /* focus-crosshair@2x.png */ = {isa = PBXFileReference; lastKnownFileType = image.png; path = "focus-crosshair@2x.png"; sourceTree = "<group>"; };
		CD341EF41ABFC27900665172 /* front-camera.png */ = {isa = PBXFileReference; lastKnownFileType = image.png; path = "front-camera.png"; sourceTree = "<group>"; };
		CD341EF51ABFC27900665172 /* front-camera@2x.png */ = {isa = PBXFileReference; lastKnownFileType = image.png; path = "front-camera@2x.png"; sourceTree = "<group>"; };
		CD341EF61ABFC27900665172 /* grid-icon.png */ = {isa = PBXFileReference; lastKnownFileType = image.png; path = "grid-icon.png"; sourceTree = "<group>"; };
		CD341EF71ABFC27900665172 /* grid-icon@2x.png */ = {isa = PBXFileReference; lastKnownFileType = image.png; path = "grid-icon@2x.png"; sourceTree = "<group>"; };
		CD341EF81ABFC27900665172 /* grid.png */ = {isa = PBXFileReference; lastKnownFileType = image.png; path = grid.png; sourceTree = "<group>"; };
		CD341EF91ABFC27900665172 /* grid@2x.png */ = {isa = PBXFileReference; lastKnownFileType = image.png; path = "grid@2x.png"; sourceTree = "<group>"; };
		CD341EFA1ABFC27900665172 /* library.png */ = {isa = PBXFileReference; lastKnownFileType = image.png; path = library.png; sourceTree = "<group>"; };
		CD341EFB1ABFC27900665172 /* library@2x.png */ = {isa = PBXFileReference; lastKnownFileType = image.png; path = "library@2x.png"; sourceTree = "<group>"; };
		CD341EFC1ABFC27900665172 /* micro_carbon.png */ = {isa = PBXFileReference; lastKnownFileType = image.png; path = micro_carbon.png; sourceTree = "<group>"; };
		CD341EFD1ABFC27900665172 /* micro_carbon@2x.png */ = {isa = PBXFileReference; lastKnownFileType = image.png; path = "micro_carbon@2x.png"; sourceTree = "<group>"; };
		CD341EFE1ABFC27900665172 /* take-snap.png */ = {isa = PBXFileReference; lastKnownFileType = image.png; path = "take-snap.png"; sourceTree = "<group>"; };
		CD341EFF1ABFC27900665172 /* take-snap@2x.png */ = {isa = PBXFileReference; lastKnownFileType = image.png; path = "take-snap@2x.png"; sourceTree = "<group>"; };
		CD341F001ABFC27900665172 /* YCameraViewController.h */ = {isa = PBXFileReference; fileEncoding = 4; lastKnownFileType = sourcecode.c.h; path = YCameraViewController.h; sourceTree = "<group>"; };
		CD341F011ABFC27900665172 /* YCameraViewController.m */ = {isa = PBXFileReference; fileEncoding = 4; lastKnownFileType = sourcecode.c.objc; path = YCameraViewController.m; sourceTree = "<group>"; };
		CD341F021ABFC27900665172 /* YCameraViewController.xib */ = {isa = PBXFileReference; fileEncoding = 4; lastKnownFileType = file.xib; path = YCameraViewController.xib; sourceTree = "<group>"; };
		CD46E6C31ACF105F002065B2 /* FacebookSDK.framework */ = {isa = PBXFileReference; lastKnownFileType = wrapper.framework; path = FacebookSDK.framework; sourceTree = "<group>"; };
		CD46E6C51ACF11F4002065B2 /* LoginViewController.h */ = {isa = PBXFileReference; fileEncoding = 4; lastKnownFileType = sourcecode.c.h; path = LoginViewController.h; sourceTree = "<group>"; };
		CD46E6C61ACF11F4002065B2 /* LoginViewController.m */ = {isa = PBXFileReference; fileEncoding = 4; lastKnownFileType = sourcecode.c.objc; path = LoginViewController.m; sourceTree = "<group>"; };
		CD46E6C81ACF165F002065B2 /* UserViewController.h */ = {isa = PBXFileReference; fileEncoding = 4; lastKnownFileType = sourcecode.c.h; path = UserViewController.h; sourceTree = "<group>"; };
		CD46E6C91ACF165F002065B2 /* UserViewController.m */ = {isa = PBXFileReference; fileEncoding = 4; lastKnownFileType = sourcecode.c.objc; path = UserViewController.m; sourceTree = "<group>"; };
		CD53240F1AC21514003F133A /* dog02.jpeg */ = {isa = PBXFileReference; lastKnownFileType = image.jpeg; name = dog02.jpeg; path = Images/dog02.jpeg; sourceTree = "<group>"; };
		CD5324101AC21514003F133A /* dog04.jpg */ = {isa = PBXFileReference; lastKnownFileType = image.jpeg; name = dog04.jpg; path = Images/dog04.jpg; sourceTree = "<group>"; };
		CD5324111AC21514003F133A /* dropdown.png */ = {isa = PBXFileReference; lastKnownFileType = image.png; name = dropdown.png; path = Images/dropdown.png; sourceTree = "<group>"; };
		CD5324121AC21514003F133A /* dropdown1.png */ = {isa = PBXFileReference; lastKnownFileType = image.png; name = dropdown1.png; path = Images/dropdown1.png; sourceTree = "<group>"; };
		CD5324131AC21514003F133A /* icon_circle.png */ = {isa = PBXFileReference; lastKnownFileType = image.png; name = icon_circle.png; path = Images/icon_circle.png; sourceTree = "<group>"; };
		CD5324141AC21514003F133A /* icon.png */ = {isa = PBXFileReference; lastKnownFileType = image.png; name = icon.png; path = Images/icon.png; sourceTree = "<group>"; };
		CD5324151AC21514003F133A /* like.png */ = {isa = PBXFileReference; lastKnownFileType = image.png; name = like.png; path = Images/like.png; sourceTree = "<group>"; };
		CD5324161AC21514003F133A /* lock.png */ = {isa = PBXFileReference; lastKnownFileType = image.png; name = lock.png; path = Images/lock.png; sourceTree = "<group>"; };
		CD5324171AC21514003F133A /* more.png */ = {isa = PBXFileReference; lastKnownFileType = image.png; name = more.png; path = Images/more.png; sourceTree = "<group>"; };
		CD5324181AC21514003F133A /* wallpaper.jpg */ = {isa = PBXFileReference; lastKnownFileType = image.jpeg; name = wallpaper.jpg; path = Images/wallpaper.jpg; sourceTree = "<group>"; };
		CD5324241AC21585003F133A /* Initialization.h */ = {isa = PBXFileReference; fileEncoding = 4; lastKnownFileType = sourcecode.c.h; name = Initialization.h; path = Cache/Initialization.h; sourceTree = "<group>"; };
		CD5324251AC21585003F133A /* Initialization.m */ = {isa = PBXFileReference; fileEncoding = 4; lastKnownFileType = sourcecode.c.objc; name = Initialization.m; path = Cache/Initialization.m; sourceTree = "<group>"; };
		CD5324271AC215CD003F133A /* PopCategory.h */ = {isa = PBXFileReference; fileEncoding = 4; lastKnownFileType = sourcecode.c.h; name = PopCategory.h; path = PopCategories/PopCategory.h; sourceTree = "<group>"; };
		CD5324281AC215CD003F133A /* PopCategory.m */ = {isa = PBXFileReference; fileEncoding = 4; lastKnownFileType = sourcecode.c.objc; name = PopCategory.m; path = PopCategories/PopCategory.m; sourceTree = "<group>"; };
		CD5324291AC215CD003F133A /* PopCategory.xib */ = {isa = PBXFileReference; fileEncoding = 4; lastKnownFileType = file.xib; name = PopCategory.xib; path = PopCategories/PopCategory.xib; sourceTree = "<group>"; };
		CD53242A1AC215CD003F133A /* PopCategoryWide.h */ = {isa = PBXFileReference; fileEncoding = 4; lastKnownFileType = sourcecode.c.h; name = PopCategoryWide.h; path = PopCategories/PopCategoryWide.h; sourceTree = "<group>"; };
		CD53242B1AC215CD003F133A /* PopCategoryWide.m */ = {isa = PBXFileReference; fileEncoding = 4; lastKnownFileType = sourcecode.c.objc; name = PopCategoryWide.m; path = PopCategories/PopCategoryWide.m; sourceTree = "<group>"; };
		CD53242C1AC215CD003F133A /* PopCategoryWide.xib */ = {isa = PBXFileReference; fileEncoding = 4; lastKnownFileType = file.xib; name = PopCategoryWide.xib; path = PopCategories/PopCategoryWide.xib; sourceTree = "<group>"; };
		CD5324311AC21662003F133A /* AppDelegate.h */ = {isa = PBXFileReference; fileEncoding = 4; lastKnownFileType = sourcecode.c.h; name = AppDelegate.h; path = ApplicationFiles/AppDelegate.h; sourceTree = "<group>"; };
		CD5324321AC21662003F133A /* AppDelegate.m */ = {isa = PBXFileReference; fileEncoding = 4; lastKnownFileType = sourcecode.c.objc; name = AppDelegate.m; path = ApplicationFiles/AppDelegate.m; sourceTree = "<group>"; };
		CD5324341AC21662003F133A /* main.m */ = {isa = PBXFileReference; fileEncoding = 4; lastKnownFileType = sourcecode.c.objc; name = main.m; path = ApplicationFiles/main.m; sourceTree = "<group>"; };
		CD5324381AC216C3003F133A /* LockedTableViewCell.h */ = {isa = PBXFileReference; fileEncoding = 4; lastKnownFileType = sourcecode.c.h; name = LockedTableViewCell.h; path = TableCells/LockedTableViewCell.h; sourceTree = "<group>"; };
		CD5324391AC216C3003F133A /* LockedTableViewCell.m */ = {isa = PBXFileReference; fileEncoding = 4; lastKnownFileType = sourcecode.c.objc; name = LockedTableViewCell.m; path = TableCells/LockedTableViewCell.m; sourceTree = "<group>"; };
		CD53243A1AC216C3003F133A /* LockedTableViewCell.xib */ = {isa = PBXFileReference; fileEncoding = 4; lastKnownFileType = file.xib; name = LockedTableViewCell.xib; path = TableCells/LockedTableViewCell.xib; sourceTree = "<group>"; };
		CD53243B1AC216C3003F133A /* UnlockedTableViewCell.h */ = {isa = PBXFileReference; fileEncoding = 4; lastKnownFileType = sourcecode.c.h; name = UnlockedTableViewCell.h; path = TableCells/UnlockedTableViewCell.h; sourceTree = "<group>"; };
		CD53243C1AC216C3003F133A /* UnlockedTableViewCell.m */ = {isa = PBXFileReference; fileEncoding = 4; lastKnownFileType = sourcecode.c.objc; name = UnlockedTableViewCell.m; path = TableCells/UnlockedTableViewCell.m; sourceTree = "<group>"; };
		CD53243D1AC216C3003F133A /* UnlockedTableViewCell.xib */ = {isa = PBXFileReference; fileEncoding = 4; lastKnownFileType = file.xib; name = UnlockedTableViewCell.xib; path = TableCells/UnlockedTableViewCell.xib; sourceTree = "<group>"; };
		CD5324421AC2172C003F133A /* VBResponsiveTextFieldViewController.h */ = {isa = PBXFileReference; fileEncoding = 4; lastKnownFileType = sourcecode.c.h; name = VBResponsiveTextFieldViewController.h; path = VBResponsiveTextFieldViewController/VBResponsiveTextFieldViewController.h; sourceTree = "<group>"; };
		CD5324431AC2172C003F133A /* VBResponsiveTextFieldViewController.m */ = {isa = PBXFileReference; fileEncoding = 4; lastKnownFileType = sourcecode.c.objc; name = VBResponsiveTextFieldViewController.m; path = VBResponsiveTextFieldViewController/VBResponsiveTextFieldViewController.m; sourceTree = "<group>"; };
		CD5324451AC219A1003F133A /* comment.png */ = {isa = PBXFileReference; lastKnownFileType = image.png; name = comment.png; path = Images/comment.png; sourceTree = "<group>"; };
		CD5324471AC26E39003F133A /* CoreData.framework */ = {isa = PBXFileReference; lastKnownFileType = wrapper.framework; name = CoreData.framework; path = System/Library/Frameworks/CoreData.framework; sourceTree = SDKROOT; };
		CD64E15B1ABDDB9100CB5973 /* CameraSelectionViewController.h */ = {isa = PBXFileReference; fileEncoding = 4; lastKnownFileType = sourcecode.c.h; path = CameraSelectionViewController.h; sourceTree = "<group>"; };
		CD64E15C1ABDDB9100CB5973 /* CameraSelectionViewController.m */ = {isa = PBXFileReference; fileEncoding = 4; lastKnownFileType = sourcecode.c.objc; path = CameraSelectionViewController.m; sourceTree = "<group>"; };
		CD64E15E1ABDE23D00CB5973 /* SearchTVController.h */ = {isa = PBXFileReference; fileEncoding = 4; lastKnownFileType = sourcecode.c.h; path = SearchTVController.h; sourceTree = "<group>"; };
		CD64E15F1ABDE23D00CB5973 /* SearchTVController.m */ = {isa = PBXFileReference; fileEncoding = 4; lastKnownFileType = sourcecode.c.objc; path = SearchTVController.m; sourceTree = "<group>"; };
		CD64E1631ABDEE0900CB5973 /* PostViewController.h */ = {isa = PBXFileReference; fileEncoding = 4; lastKnownFileType = sourcecode.c.h; path = PostViewController.h; sourceTree = "<group>"; };
		CD64E1641ABDEE0900CB5973 /* PostViewController.m */ = {isa = PBXFileReference; fileEncoding = 4; lastKnownFileType = sourcecode.c.objc; path = PostViewController.m; sourceTree = "<group>"; };
		CD64E1661ABDFF2C00CB5973 /* MobileCoreServices.framework */ = {isa = PBXFileReference; lastKnownFileType = wrapper.framework; name = MobileCoreServices.framework; path = System/Library/Frameworks/MobileCoreServices.framework; sourceTree = SDKROOT; };
		CD64E1B71ABF0F0900CB5973 /* DetailViewController.h */ = {isa = PBXFileReference; fileEncoding = 4; lastKnownFileType = sourcecode.c.h; path = DetailViewController.h; sourceTree = "<group>"; };
		CD64E1B81ABF0F0900CB5973 /* DetailViewController.m */ = {isa = PBXFileReference; fileEncoding = 4; lastKnownFileType = sourcecode.c.objc; path = DetailViewController.m; sourceTree = "<group>"; };
		CD65DF011ABCBB2800AC3637 /* Animals.app */ = {isa = PBXFileReference; explicitFileType = wrapper.application; includeInIndex = 0; path = Animals.app; sourceTree = BUILT_PRODUCTS_DIR; };
		CD65DF0F1ABCBB2800AC3637 /* Base */ = {isa = PBXFileReference; lastKnownFileType = file.storyboard; name = Base; path = Base.lproj/Main.storyboard; sourceTree = "<group>"; };
		CD65DF111ABCBB2800AC3637 /* Images.xcassets */ = {isa = PBXFileReference; lastKnownFileType = folder.assetcatalog; path = Images.xcassets; sourceTree = "<group>"; };
		CD65DF141ABCBB2800AC3637 /* Base */ = {isa = PBXFileReference; lastKnownFileType = file.xib; name = Base; path = Base.lproj/LaunchScreen.xib; sourceTree = "<group>"; };
		CD65DF1A1ABCBB2800AC3637 /* AnimalsTests.xctest */ = {isa = PBXFileReference; explicitFileType = wrapper.cfbundle; includeInIndex = 0; path = AnimalsTests.xctest; sourceTree = BUILT_PRODUCTS_DIR; };
		CD65DF1F1ABCBB2800AC3637 /* Info.plist */ = {isa = PBXFileReference; lastKnownFileType = text.plist.xml; path = Info.plist; sourceTree = "<group>"; };
		CD65DF201ABCBB2800AC3637 /* AnimalsTests.m */ = {isa = PBXFileReference; lastKnownFileType = sourcecode.c.objc; path = AnimalsTests.m; sourceTree = "<group>"; };
		CD65DF2A1ABCBFEA00AC3637 /* BrowseViewController.h */ = {isa = PBXFileReference; fileEncoding = 4; lastKnownFileType = sourcecode.c.h; path = BrowseViewController.h; sourceTree = "<group>"; };
		CD65DF2B1ABCBFEA00AC3637 /* BrowseViewController.m */ = {isa = PBXFileReference; fileEncoding = 4; lastKnownFileType = sourcecode.c.objc; path = BrowseViewController.m; sourceTree = "<group>"; };
		CDAD99D11ACF2B8C00B9E834 /* CameraViewController.h */ = {isa = PBXFileReference; fileEncoding = 4; lastKnownFileType = sourcecode.c.h; path = CameraViewController.h; sourceTree = "<group>"; };
		CDAD99D21ACF2B8C00B9E834 /* CameraViewController.m */ = {isa = PBXFileReference; fileEncoding = 4; lastKnownFileType = sourcecode.c.objc; path = CameraViewController.m; sourceTree = "<group>"; };
		CDAD99D41ACF2D8E00B9E834 /* eyeplaceholder.png */ = {isa = PBXFileReference; lastKnownFileType = image.png; name = eyeplaceholder.png; path = Images/eyeplaceholder.png; sourceTree = "<group>"; };
		CDAD99D81ACF65AE00B9E834 /* muzzleplaceholder.png */ = {isa = PBXFileReference; lastKnownFileType = image.png; path = muzzleplaceholder.png; sourceTree = "<group>"; };
		CDAD99DA1ACFC7DA00B9E834 /* SquareView.h */ = {isa = PBXFileReference; fileEncoding = 4; lastKnownFileType = sourcecode.c.h; path = SquareView.h; sourceTree = "<group>"; };
		CDAD99DB1ACFC7DA00B9E834 /* SquareView.m */ = {isa = PBXFileReference; fileEncoding = 4; lastKnownFileType = sourcecode.c.objc; path = SquareView.m; sourceTree = "<group>"; };
		CDBBD7A51ACA3AD800D82B62 /* Info.plist */ = {isa = PBXFileReference; fileEncoding = 4; lastKnownFileType = text.plist.xml; path = Info.plist; sourceTree = "<group>"; };
/* End PBXFileReference section */

/* Begin PBXFrameworksBuildPhase section */
		CD65DEFE1ABCBB2800AC3637 /* Frameworks */ = {
			isa = PBXFrameworksBuildPhase;
			buildActionMask = 2147483647;
			files = (
				CD5324481AC26E39003F133A /* CoreData.framework in Frameworks */,
				CD46E6C41ACF105F002065B2 /* FacebookSDK.framework in Frameworks */,
				CD64E1671ABDFF2C00CB5973 /* MobileCoreServices.framework in Frameworks */,
				801A9C6E7CD753977E454E9F /* libPods-Animals.a in Frameworks */,
			);
			runOnlyForDeploymentPostprocessing = 0;
		};
		CD65DF171ABCBB2800AC3637 /* Frameworks */ = {
			isa = PBXFrameworksBuildPhase;
			buildActionMask = 2147483647;
			files = (
			);
			runOnlyForDeploymentPostprocessing = 0;
		};
/* End PBXFrameworksBuildPhase section */

/* Begin PBXGroup section */
		A747FAAC0FA55C35E9CA956D /* Frameworks */ = {
			isa = PBXGroup;
			children = (
				CD46E6C31ACF105F002065B2 /* FacebookSDK.framework */,
				CD5324471AC26E39003F133A /* CoreData.framework */,
				CD64E1661ABDFF2C00CB5973 /* MobileCoreServices.framework */,
				0DD72641DD0C435271871243 /* libPods-Animals.a */,
			);
			name = Frameworks;
			sourceTree = "<group>";
		};
		CD2FA9C71ABFCF23008E575F /* VBResponsiveTextFieldViewController */ = {
			isa = PBXGroup;
			children = (
				CD5324421AC2172C003F133A /* VBResponsiveTextFieldViewController.h */,
				CD5324431AC2172C003F133A /* VBResponsiveTextFieldViewController.m */,
			);
			name = VBResponsiveTextFieldViewController;
			sourceTree = "<group>";
		};
		CD341EEA1ABFC27900665172 /* YCameraViewController */ = {
			isa = PBXGroup;
			children = (
				CD341EEB1ABFC27900665172 /* UI */,
				CD341F001ABFC27900665172 /* YCameraViewController.h */,
				CD341F011ABFC27900665172 /* YCameraViewController.m */,
				CD341F021ABFC27900665172 /* YCameraViewController.xib */,
			);
			path = YCameraViewController;
			sourceTree = "<group>";
		};
		CD341EEB1ABFC27900665172 /* UI */ = {
			isa = PBXGroup;
			children = (
				CD341EEC1ABFC27900665172 /* flash-auto.png */,
				CD341EED1ABFC27900665172 /* flash-auto@2x.png */,
				CD341EEE1ABFC27900665172 /* flash-off.png */,
				CD341EEF1ABFC27900665172 /* flash-off@2x.png */,
				CD341EF01ABFC27900665172 /* flash.png */,
				CD341EF11ABFC27900665172 /* flash@2x.png */,
				CD341EF21ABFC27900665172 /* focus-crosshair.png */,
				CD341EF31ABFC27900665172 /* focus-crosshair@2x.png */,
				CD341EF41ABFC27900665172 /* front-camera.png */,
				CD341EF51ABFC27900665172 /* front-camera@2x.png */,
				CD341EF61ABFC27900665172 /* grid-icon.png */,
				CD341EF71ABFC27900665172 /* grid-icon@2x.png */,
				CD341EF81ABFC27900665172 /* grid.png */,
				CD341EF91ABFC27900665172 /* grid@2x.png */,
				CD341EFA1ABFC27900665172 /* library.png */,
				CD341EFB1ABFC27900665172 /* library@2x.png */,
				CD341EFC1ABFC27900665172 /* micro_carbon.png */,
				CD341EFD1ABFC27900665172 /* micro_carbon@2x.png */,
				CD341EFE1ABFC27900665172 /* take-snap.png */,
				CD341EFF1ABFC27900665172 /* take-snap@2x.png */,
			);
			path = UI;
			sourceTree = "<group>";
		};
		CD5324231AC2154D003F133A /* Cache */ = {
			isa = PBXGroup;
			children = (
				CD5324241AC21585003F133A /* Initialization.h */,
				CD5324251AC21585003F133A /* Initialization.m */,
			);
			name = Cache;
			sourceTree = "<group>";
		};
		CD64E13D1ABCCD4D00CB5973 /* Images */ = {
			isa = PBXGroup;
			children = (
				CDAD99D81ACF65AE00B9E834 /* muzzleplaceholder.png */,
				CDAD99D41ACF2D8E00B9E834 /* eyeplaceholder.png */,
				CD5324451AC219A1003F133A /* comment.png */,
				CD53240F1AC21514003F133A /* dog02.jpeg */,
				CD5324101AC21514003F133A /* dog04.jpg */,
				CD5324111AC21514003F133A /* dropdown.png */,
				CD5324121AC21514003F133A /* dropdown1.png */,
				CD5324131AC21514003F133A /* icon_circle.png */,
				CD5324141AC21514003F133A /* icon.png */,
				CD5324151AC21514003F133A /* like.png */,
				CD5324161AC21514003F133A /* lock.png */,
				CD5324171AC21514003F133A /* more.png */,
				CD5324181AC21514003F133A /* wallpaper.jpg */,
			);
			name = Images;
			sourceTree = "<group>";
		};
		CD64E1A51ABE1A9700CB5973 /* PopCategories */ = {
			isa = PBXGroup;
			children = (
				CD5324271AC215CD003F133A /* PopCategory.h */,
				CD5324281AC215CD003F133A /* PopCategory.m */,
				CD5324291AC215CD003F133A /* PopCategory.xib */,
				CD53242A1AC215CD003F133A /* PopCategoryWide.h */,
				CD53242B1AC215CD003F133A /* PopCategoryWide.m */,
				CD53242C1AC215CD003F133A /* PopCategoryWide.xib */,
			);
			name = PopCategories;
			sourceTree = "<group>";
		};
		CD65DEF81ABCBB2800AC3637 = {
			isa = PBXGroup;
			children = (
				CD65DF031ABCBB2800AC3637 /* Animals */,
				CD65DF1D1ABCBB2800AC3637 /* AnimalsTests */,
				CD65DF021ABCBB2800AC3637 /* Products */,
				D15DD6A1A53EEF98843C7220 /* Pods */,
				A747FAAC0FA55C35E9CA956D /* Frameworks */,
			);
			sourceTree = "<group>";
		};
		CD65DF021ABCBB2800AC3637 /* Products */ = {
			isa = PBXGroup;
			children = (
				CD65DF011ABCBB2800AC3637 /* Animals.app */,
				CD65DF1A1ABCBB2800AC3637 /* AnimalsTests.xctest */,
			);
			name = Products;
			sourceTree = "<group>";
		};
		CD65DF031ABCBB2800AC3637 /* Animals */ = {
			isa = PBXGroup;
			children = (
				CD65DF041ABCBB2800AC3637 /* Application Files */,
				CD65DF0E1ABCBB2800AC3637 /* Main.storyboard */,
				CD46E6C51ACF11F4002065B2 /* LoginViewController.h */,
				CD46E6C61ACF11F4002065B2 /* LoginViewController.m */,
				CD65DF2A1ABCBFEA00AC3637 /* BrowseViewController.h */,
				CD65DF2B1ABCBFEA00AC3637 /* BrowseViewController.m */,
				CD64E1B71ABF0F0900CB5973 /* DetailViewController.h */,
				CD64E1B81ABF0F0900CB5973 /* DetailViewController.m */,
				CDAD99D11ACF2B8C00B9E834 /* CameraViewController.h */,
				CDAD99D21ACF2B8C00B9E834 /* CameraViewController.m */,
				CD64E15B1ABDDB9100CB5973 /* CameraSelectionViewController.h */,
				CD64E15C1ABDDB9100CB5973 /* CameraSelectionViewController.m */,
				CD64E15E1ABDE23D00CB5973 /* SearchTVController.h */,
				CD64E15F1ABDE23D00CB5973 /* SearchTVController.m */,
				CD64E1631ABDEE0900CB5973 /* PostViewController.h */,
				CD64E1641ABDEE0900CB5973 /* PostViewController.m */,
				CD46E6C81ACF165F002065B2 /* UserViewController.h */,
				CD46E6C91ACF165F002065B2 /* UserViewController.m */,
				CD2FA9C81ABFD53C008E575F /* TabBarController.h */,
				CD2FA9C91ABFD53C008E575F /* TabBarController.m */,
				CDAD99DA1ACFC7DA00B9E834 /* SquareView.h */,
				CDAD99DB1ACFC7DA00B9E834 /* SquareView.m */,
				CD65DF111ABCBB2800AC3637 /* Images.xcassets */,
				CD64E1A51ABE1A9700CB5973 /* PopCategories */,
				CD65DF371ABCC02A00AC3637 /* TableCells */,
				CD64E13D1ABCCD4D00CB5973 /* Images */,
				CD5324231AC2154D003F133A /* Cache */,
				CD2FA9C71ABFCF23008E575F /* VBResponsiveTextFieldViewController */,
				CD341EEA1ABFC27900665172 /* YCameraViewController */,
			);
			path = Animals;
			sourceTree = "<group>";
		};
		CD65DF041ABCBB2800AC3637 /* Application Files */ = {
			isa = PBXGroup;
			children = (
				CDBBD7A51ACA3AD800D82B62 /* Info.plist */,
				CD65DF131ABCBB2800AC3637 /* LaunchScreen.xib */,
				CD5324311AC21662003F133A /* AppDelegate.h */,
				CD5324321AC21662003F133A /* AppDelegate.m */,
				CD5324341AC21662003F133A /* main.m */,
			);
			name = "Application Files";
			sourceTree = "<group>";
		};
		CD65DF1D1ABCBB2800AC3637 /* AnimalsTests */ = {
			isa = PBXGroup;
			children = (
				CD65DF201ABCBB2800AC3637 /* AnimalsTests.m */,
				CD65DF1E1ABCBB2800AC3637 /* Supporting Files */,
			);
			path = AnimalsTests;
			sourceTree = "<group>";
		};
		CD65DF1E1ABCBB2800AC3637 /* Supporting Files */ = {
			isa = PBXGroup;
			children = (
				CD65DF1F1ABCBB2800AC3637 /* Info.plist */,
			);
			name = "Supporting Files";
			sourceTree = "<group>";
		};
		CD65DF371ABCC02A00AC3637 /* TableCells */ = {
			isa = PBXGroup;
			children = (
				CD5324381AC216C3003F133A /* LockedTableViewCell.h */,
				CD5324391AC216C3003F133A /* LockedTableViewCell.m */,
				CD53243A1AC216C3003F133A /* LockedTableViewCell.xib */,
				CD53243B1AC216C3003F133A /* UnlockedTableViewCell.h */,
				CD53243C1AC216C3003F133A /* UnlockedTableViewCell.m */,
				CD53243D1AC216C3003F133A /* UnlockedTableViewCell.xib */,
			);
			name = TableCells;
			sourceTree = "<group>";
		};
		D15DD6A1A53EEF98843C7220 /* Pods */ = {
			isa = PBXGroup;
			children = (
				6E465EA164F267BE82BE3A05 /* Pods-Animals.debug.xcconfig */,
				489E744DC377675E13A015E9 /* Pods-Animals.release.xcconfig */,
			);
			name = Pods;
			sourceTree = "<group>";
		};
/* End PBXGroup section */

/* Begin PBXNativeTarget section */
		CD65DF001ABCBB2800AC3637 /* Animals */ = {
			isa = PBXNativeTarget;
			buildConfigurationList = CD65DF241ABCBB2800AC3637 /* Build configuration list for PBXNativeTarget "Animals" */;
			buildPhases = (
				5F2E0883CB7308692A67AF4E /* Check Pods Manifest.lock */,
				CD65DEFD1ABCBB2800AC3637 /* Sources */,
				CD65DEFE1ABCBB2800AC3637 /* Frameworks */,
				CD65DEFF1ABCBB2800AC3637 /* Resources */,
				998CD0C0EBE14166C56A1E91 /* Copy Pods Resources */,
			);
			buildRules = (
			);
			dependencies = (
			);
			name = Animals;
			productName = Animals;
			productReference = CD65DF011ABCBB2800AC3637 /* Animals.app */;
			productType = "com.apple.product-type.application";
		};
		CD65DF191ABCBB2800AC3637 /* AnimalsTests */ = {
			isa = PBXNativeTarget;
			buildConfigurationList = CD65DF271ABCBB2800AC3637 /* Build configuration list for PBXNativeTarget "AnimalsTests" */;
			buildPhases = (
				CD65DF161ABCBB2800AC3637 /* Sources */,
				CD65DF171ABCBB2800AC3637 /* Frameworks */,
				CD65DF181ABCBB2800AC3637 /* Resources */,
			);
			buildRules = (
			);
			dependencies = (
				CD65DF1C1ABCBB2800AC3637 /* PBXTargetDependency */,
			);
			name = AnimalsTests;
			productName = AnimalsTests;
			productReference = CD65DF1A1ABCBB2800AC3637 /* AnimalsTests.xctest */;
			productType = "com.apple.product-type.bundle.unit-test";
		};
/* End PBXNativeTarget section */

/* Begin PBXProject section */
		CD65DEF91ABCBB2800AC3637 /* Project object */ = {
			isa = PBXProject;
			attributes = {
				LastUpgradeCheck = 0620;
				ORGANIZATIONNAME = hefang;
				TargetAttributes = {
					CD65DF001ABCBB2800AC3637 = {
						CreatedOnToolsVersion = 6.2;
						DevelopmentTeam = AV8W86EGKD;
					};
					CD65DF191ABCBB2800AC3637 = {
						CreatedOnToolsVersion = 6.2;
						TestTargetID = CD65DF001ABCBB2800AC3637;
					};
				};
			};
			buildConfigurationList = CD65DEFC1ABCBB2800AC3637 /* Build configuration list for PBXProject "Animals" */;
			compatibilityVersion = "Xcode 3.2";
			developmentRegion = English;
			hasScannedForEncodings = 0;
			knownRegions = (
				en,
				Base,
			);
			mainGroup = CD65DEF81ABCBB2800AC3637;
			productRefGroup = CD65DF021ABCBB2800AC3637 /* Products */;
			projectDirPath = "";
			projectRoot = "";
			targets = (
				CD65DF001ABCBB2800AC3637 /* Animals */,
				CD65DF191ABCBB2800AC3637 /* AnimalsTests */,
			);
		};
/* End PBXProject section */

/* Begin PBXResourcesBuildPhase section */
		CD65DEFF1ABCBB2800AC3637 /* Resources */ = {
			isa = PBXResourcesBuildPhase;
			buildActionMask = 2147483647;
			files = (
				CD341F0A1ABFC27900665172 /* focus-crosshair@2x.png in Resources */,
				CD341F041ABFC27900665172 /* flash-auto@2x.png in Resources */,
				CD53241D1AC21514003F133A /* icon_circle.png in Resources */,
				CD341F131ABFC27900665172 /* micro_carbon.png in Resources */,
				CDAD99D61ACF2D8E00B9E834 /* eyeplaceholder.png in Resources */,
				CD5324191AC21514003F133A /* dog02.jpeg in Resources */,
				CD341F0F1ABFC27900665172 /* grid.png in Resources */,
				CD65DF101ABCBB2800AC3637 /* Main.storyboard in Resources */,
				CD341F081ABFC27900665172 /* flash@2x.png in Resources */,
				CD341F051ABFC27900665172 /* flash-off.png in Resources */,
				CD341F161ABFC27900665172 /* take-snap@2x.png in Resources */,
				CD65DF151ABCBB2800AC3637 /* LaunchScreen.xib in Resources */,
				CD53241F1AC21514003F133A /* like.png in Resources */,
				CDAD99D91ACF65AE00B9E834 /* muzzleplaceholder.png in Resources */,
				CD5324211AC21514003F133A /* more.png in Resources */,
				CD5324411AC216C3003F133A /* UnlockedTableViewCell.xib in Resources */,
				CD341F111ABFC27900665172 /* library.png in Resources */,
				CD53241E1AC21514003F133A /* icon.png in Resources */,
				CD5324221AC21514003F133A /* wallpaper.jpg in Resources */,
				CD5324461AC219A1003F133A /* comment.png in Resources */,
				CD53242E1AC215CD003F133A /* PopCategory.xib in Resources */,
				CD5324301AC215CD003F133A /* PopCategoryWide.xib in Resources */,
				CD341F101ABFC27900665172 /* grid@2x.png in Resources */,
				CD341F0B1ABFC27900665172 /* front-camera.png in Resources */,
				CD341F121ABFC27900665172 /* library@2x.png in Resources */,
				CD341F151ABFC27900665172 /* take-snap.png in Resources */,
				CD65DF121ABCBB2800AC3637 /* Images.xcassets in Resources */,
				CD5324201AC21514003F133A /* lock.png in Resources */,
				CD341F0D1ABFC27900665172 /* grid-icon.png in Resources */,
				CD341F141ABFC27900665172 /* micro_carbon@2x.png in Resources */,
				CD341F181ABFC27900665172 /* YCameraViewController.xib in Resources */,
				CD341F091ABFC27900665172 /* focus-crosshair.png in Resources */,
				CD341F0E1ABFC27900665172 /* grid-icon@2x.png in Resources */,
				CD53241B1AC21514003F133A /* dropdown.png in Resources */,
				CD341F0C1ABFC27900665172 /* front-camera@2x.png in Resources */,
				CD341F061ABFC27900665172 /* flash-off@2x.png in Resources */,
				CD341F071ABFC27900665172 /* flash.png in Resources */,
				CD341F031ABFC27900665172 /* flash-auto.png in Resources */,
				CD53241A1AC21514003F133A /* dog04.jpg in Resources */,
				CD53241C1AC21514003F133A /* dropdown1.png in Resources */,
				CD53243F1AC216C3003F133A /* LockedTableViewCell.xib in Resources */,
			);
			runOnlyForDeploymentPostprocessing = 0;
		};
		CD65DF181ABCBB2800AC3637 /* Resources */ = {
			isa = PBXResourcesBuildPhase;
			buildActionMask = 2147483647;
			files = (
			);
			runOnlyForDeploymentPostprocessing = 0;
		};
/* End PBXResourcesBuildPhase section */

/* Begin PBXShellScriptBuildPhase section */
		5F2E0883CB7308692A67AF4E /* Check Pods Manifest.lock */ = {
			isa = PBXShellScriptBuildPhase;
			buildActionMask = 2147483647;
			files = (
			);
			inputPaths = (
			);
			name = "Check Pods Manifest.lock";
			outputPaths = (
			);
			runOnlyForDeploymentPostprocessing = 0;
			shellPath = /bin/sh;
			shellScript = "diff \"${PODS_ROOT}/../Podfile.lock\" \"${PODS_ROOT}/Manifest.lock\" > /dev/null\nif [[ $? != 0 ]] ; then\n    cat << EOM\nerror: The sandbox is not in sync with the Podfile.lock. Run 'pod install' or update your CocoaPods installation.\nEOM\n    exit 1\nfi\n";
			showEnvVarsInLog = 0;
		};
		998CD0C0EBE14166C56A1E91 /* Copy Pods Resources */ = {
			isa = PBXShellScriptBuildPhase;
			buildActionMask = 2147483647;
			files = (
			);
			inputPaths = (
			);
			name = "Copy Pods Resources";
			outputPaths = (
			);
			runOnlyForDeploymentPostprocessing = 0;
			shellPath = /bin/sh;
			shellScript = "\"${SRCROOT}/Pods/Target Support Files/Pods-Animals/Pods-Animals-resources.sh\"\n";
			showEnvVarsInLog = 0;
		};
/* End PBXShellScriptBuildPhase section */

/* Begin PBXSourcesBuildPhase section */
		CD65DEFD1ABCBB2800AC3637 /* Sources */ = {
			isa = PBXSourcesBuildPhase;
			buildActionMask = 2147483647;
			files = (
				CD53242F1AC215CD003F133A /* PopCategoryWide.m in Sources */,
				CD64E1601ABDE23D00CB5973 /* SearchTVController.m in Sources */,
				CD53242D1AC215CD003F133A /* PopCategory.m in Sources */,
				CD341F171ABFC27900665172 /* YCameraViewController.m in Sources */,
				CD64E15D1ABDDB9100CB5973 /* CameraSelectionViewController.m in Sources */,
				CD5324351AC21662003F133A /* AppDelegate.m in Sources */,
				CD46E6CA1ACF165F002065B2 /* UserViewController.m in Sources */,
				CD64E1651ABDEE0900CB5973 /* PostViewController.m in Sources */,
				CD65DF2C1ABCBFEA00AC3637 /* BrowseViewController.m in Sources */,
				CD46E6C71ACF11F4002065B2 /* LoginViewController.m in Sources */,
				CDAD99DC1ACFC7DA00B9E834 /* SquareView.m in Sources */,
				CD53243E1AC216C3003F133A /* LockedTableViewCell.m in Sources */,
				CD5324261AC21585003F133A /* Initialization.m in Sources */,
				CD5324371AC21662003F133A /* main.m in Sources */,
				CD64E1B91ABF0F0900CB5973 /* DetailViewController.m in Sources */,
				CD5324401AC216C3003F133A /* UnlockedTableViewCell.m in Sources */,
				CDAD99D31ACF2B8C00B9E834 /* CameraViewController.m in Sources */,
				CD2FA9CA1ABFD53C008E575F /* TabBarController.m in Sources */,
				CD5324441AC2172C003F133A /* VBResponsiveTextFieldViewController.m in Sources */,
			);
			runOnlyForDeploymentPostprocessing = 0;
		};
		CD65DF161ABCBB2800AC3637 /* Sources */ = {
			isa = PBXSourcesBuildPhase;
			buildActionMask = 2147483647;
			files = (
				CD65DF211ABCBB2800AC3637 /* AnimalsTests.m in Sources */,
			);
			runOnlyForDeploymentPostprocessing = 0;
		};
/* End PBXSourcesBuildPhase section */

/* Begin PBXTargetDependency section */
		CD65DF1C1ABCBB2800AC3637 /* PBXTargetDependency */ = {
			isa = PBXTargetDependency;
			target = CD65DF001ABCBB2800AC3637 /* Animals */;
			targetProxy = CD65DF1B1ABCBB2800AC3637 /* PBXContainerItemProxy */;
		};
/* End PBXTargetDependency section */

/* Begin PBXVariantGroup section */
		CD65DF0E1ABCBB2800AC3637 /* Main.storyboard */ = {
			isa = PBXVariantGroup;
			children = (
				CD65DF0F1ABCBB2800AC3637 /* Base */,
			);
			name = Main.storyboard;
			sourceTree = "<group>";
		};
		CD65DF131ABCBB2800AC3637 /* LaunchScreen.xib */ = {
			isa = PBXVariantGroup;
			children = (
				CD65DF141ABCBB2800AC3637 /* Base */,
			);
			name = LaunchScreen.xib;
			sourceTree = "<group>";
		};
/* End PBXVariantGroup section */

/* Begin XCBuildConfiguration section */
		CD65DF221ABCBB2800AC3637 /* Debug */ = {
			isa = XCBuildConfiguration;
			buildSettings = {
				ALWAYS_SEARCH_USER_PATHS = NO;
				CLANG_CXX_LANGUAGE_STANDARD = "gnu++0x";
				CLANG_CXX_LIBRARY = "libc++";
				CLANG_ENABLE_MODULES = YES;
				CLANG_ENABLE_OBJC_ARC = YES;
				CLANG_WARN_BOOL_CONVERSION = YES;
				CLANG_WARN_CONSTANT_CONVERSION = YES;
				CLANG_WARN_DIRECT_OBJC_ISA_USAGE = YES_ERROR;
				CLANG_WARN_EMPTY_BODY = YES;
				CLANG_WARN_ENUM_CONVERSION = YES;
				CLANG_WARN_INT_CONVERSION = YES;
				CLANG_WARN_OBJC_ROOT_CLASS = YES_ERROR;
				CLANG_WARN_UNREACHABLE_CODE = YES;
				CLANG_WARN__DUPLICATE_METHOD_MATCH = YES;
				"CODE_SIGN_IDENTITY[sdk=iphoneos*]" = "iPhone Developer";
				COPY_PHASE_STRIP = NO;
				ENABLE_STRICT_OBJC_MSGSEND = YES;
				GCC_C_LANGUAGE_STANDARD = gnu99;
				GCC_DYNAMIC_NO_PIC = NO;
				GCC_OPTIMIZATION_LEVEL = 0;
				GCC_PREPROCESSOR_DEFINITIONS = (
					"DEBUG=1",
					"$(inherited)",
				);
				GCC_SYMBOLS_PRIVATE_EXTERN = NO;
				GCC_WARN_64_TO_32_BIT_CONVERSION = YES;
				GCC_WARN_ABOUT_RETURN_TYPE = YES_ERROR;
				GCC_WARN_UNDECLARED_SELECTOR = YES;
				GCC_WARN_UNINITIALIZED_AUTOS = YES_AGGRESSIVE;
				GCC_WARN_UNUSED_FUNCTION = YES;
				GCC_WARN_UNUSED_VARIABLE = YES;
				IPHONEOS_DEPLOYMENT_TARGET = 8.2;
				MTL_ENABLE_DEBUG_INFO = YES;
				ONLY_ACTIVE_ARCH = YES;
				SDKROOT = iphoneos;
			};
			name = Debug;
		};
		CD65DF231ABCBB2800AC3637 /* Release */ = {
			isa = XCBuildConfiguration;
			buildSettings = {
				ALWAYS_SEARCH_USER_PATHS = NO;
				CLANG_CXX_LANGUAGE_STANDARD = "gnu++0x";
				CLANG_CXX_LIBRARY = "libc++";
				CLANG_ENABLE_MODULES = YES;
				CLANG_ENABLE_OBJC_ARC = YES;
				CLANG_WARN_BOOL_CONVERSION = YES;
				CLANG_WARN_CONSTANT_CONVERSION = YES;
				CLANG_WARN_DIRECT_OBJC_ISA_USAGE = YES_ERROR;
				CLANG_WARN_EMPTY_BODY = YES;
				CLANG_WARN_ENUM_CONVERSION = YES;
				CLANG_WARN_INT_CONVERSION = YES;
				CLANG_WARN_OBJC_ROOT_CLASS = YES_ERROR;
				CLANG_WARN_UNREACHABLE_CODE = YES;
				CLANG_WARN__DUPLICATE_METHOD_MATCH = YES;
				"CODE_SIGN_IDENTITY[sdk=iphoneos*]" = "iPhone Developer";
				COPY_PHASE_STRIP = NO;
				ENABLE_NS_ASSERTIONS = NO;
				ENABLE_STRICT_OBJC_MSGSEND = YES;
				GCC_C_LANGUAGE_STANDARD = gnu99;
				GCC_WARN_64_TO_32_BIT_CONVERSION = YES;
				GCC_WARN_ABOUT_RETURN_TYPE = YES_ERROR;
				GCC_WARN_UNDECLARED_SELECTOR = YES;
				GCC_WARN_UNINITIALIZED_AUTOS = YES_AGGRESSIVE;
				GCC_WARN_UNUSED_FUNCTION = YES;
				GCC_WARN_UNUSED_VARIABLE = YES;
				IPHONEOS_DEPLOYMENT_TARGET = 8.2;
				MTL_ENABLE_DEBUG_INFO = NO;
				SDKROOT = iphoneos;
				VALIDATE_PRODUCT = YES;
			};
			name = Release;
		};
		CD65DF251ABCBB2800AC3637 /* Debug */ = {
			isa = XCBuildConfiguration;
			baseConfigurationReference = 6E465EA164F267BE82BE3A05 /* Pods-Animals.debug.xcconfig */;
			buildSettings = {
				ASSETCATALOG_COMPILER_APPICON_NAME = AppIcon;
				CODE_SIGN_IDENTITY = "iPhone Developer";
				"CODE_SIGN_IDENTITY[sdk=iphoneos*]" = "iPhone Developer";
				FRAMEWORK_SEARCH_PATHS = (
					"$(inherited)",
					"$(PROJECT_DIR)/Animals/FacebookSDK",
					"$(PROJECT_DIR)",
				);
				INFOPLIST_FILE = Animals/Info.plist;
				IPHONEOS_DEPLOYMENT_TARGET = 7.1;
				LD_RUNPATH_SEARCH_PATHS = "$(inherited) @executable_path/Frameworks";
				PRODUCT_NAME = "$(TARGET_NAME)";
				PROVISIONING_PROFILE = "";
			};
			name = Debug;
		};
		CD65DF261ABCBB2800AC3637 /* Release */ = {
			isa = XCBuildConfiguration;
			baseConfigurationReference = 489E744DC377675E13A015E9 /* Pods-Animals.release.xcconfig */;
			buildSettings = {
				ASSETCATALOG_COMPILER_APPICON_NAME = AppIcon;
				CODE_SIGN_IDENTITY = "iPhone Developer";
				"CODE_SIGN_IDENTITY[sdk=iphoneos*]" = "iPhone Developer";
				FRAMEWORK_SEARCH_PATHS = (
					"$(inherited)",
					"$(PROJECT_DIR)/Animals/FacebookSDK",
					"$(PROJECT_DIR)",
				);
				INFOPLIST_FILE = Animals/Info.plist;
				IPHONEOS_DEPLOYMENT_TARGET = 7.1;
				LD_RUNPATH_SEARCH_PATHS = "$(inherited) @executable_path/Frameworks";
				PRODUCT_NAME = "$(TARGET_NAME)";
				PROVISIONING_PROFILE = "";
			};
			name = Release;
		};
		CD65DF281ABCBB2800AC3637 /* Debug */ = {
			isa = XCBuildConfiguration;
			buildSettings = {
				BUNDLE_LOADER = "$(TEST_HOST)";
				FRAMEWORK_SEARCH_PATHS = (
					"$(SDKROOT)/Developer/Library/Frameworks",
					"$(inherited)",
				);
				GCC_PREPROCESSOR_DEFINITIONS = (
					"DEBUG=1",
					"$(inherited)",
				);
				INFOPLIST_FILE = AnimalsTests/Info.plist;
				LD_RUNPATH_SEARCH_PATHS = "$(inherited) @executable_path/Frameworks @loader_path/Frameworks";
				PRODUCT_NAME = "$(TARGET_NAME)";
				TEST_HOST = "$(BUILT_PRODUCTS_DIR)/Animals.app/Animals";
			};
			name = Debug;
		};
		CD65DF291ABCBB2800AC3637 /* Release */ = {
			isa = XCBuildConfiguration;
			buildSettings = {
				BUNDLE_LOADER = "$(TEST_HOST)";
				FRAMEWORK_SEARCH_PATHS = (
					"$(SDKROOT)/Developer/Library/Frameworks",
					"$(inherited)",
				);
				INFOPLIST_FILE = AnimalsTests/Info.plist;
				LD_RUNPATH_SEARCH_PATHS = "$(inherited) @executable_path/Frameworks @loader_path/Frameworks";
				PRODUCT_NAME = "$(TARGET_NAME)";
				TEST_HOST = "$(BUILT_PRODUCTS_DIR)/Animals.app/Animals";
			};
			name = Release;
		};
/* End XCBuildConfiguration section */

/* Begin XCConfigurationList section */
		CD65DEFC1ABCBB2800AC3637 /* Build configuration list for PBXProject "Animals" */ = {
			isa = XCConfigurationList;
			buildConfigurations = (
				CD65DF221ABCBB2800AC3637 /* Debug */,
				CD65DF231ABCBB2800AC3637 /* Release */,
			);
			defaultConfigurationIsVisible = 0;
			defaultConfigurationName = Release;
		};
		CD65DF241ABCBB2800AC3637 /* Build configuration list for PBXNativeTarget "Animals" */ = {
			isa = XCConfigurationList;
			buildConfigurations = (
				CD65DF251ABCBB2800AC3637 /* Debug */,
				CD65DF261ABCBB2800AC3637 /* Release */,
			);
			defaultConfigurationIsVisible = 0;
			defaultConfigurationName = Release;
		};
		CD65DF271ABCBB2800AC3637 /* Build configuration list for PBXNativeTarget "AnimalsTests" */ = {
			isa = XCConfigurationList;
			buildConfigurations = (
				CD65DF281ABCBB2800AC3637 /* Debug */,
				CD65DF291ABCBB2800AC3637 /* Release */,
			);
			defaultConfigurationIsVisible = 0;
			defaultConfigurationName = Release;
		};
/* End XCConfigurationList section */
	};
	rootObject = CD65DEF91ABCBB2800AC3637 /* Project object */;
}
